// !$*UTF8*$!
{
	archiveVersion = 1;
	classes = {
	};
	objectVersion = 56;
	objects = {

/* Begin PBXBuildFile section */
		185C46BA2BD1B7E30042892A /* Launch Screen.storyboard in Resources */ = {isa = PBXBuildFile; fileRef = 185C46B92BD1B7E30042892A /* Launch Screen.storyboard */; };
		18A237512BD0442300014F07 /* ToDoListAppApp.swift in Sources */ = {isa = PBXBuildFile; fileRef = 18A237502BD0442300014F07 /* ToDoListAppApp.swift */; };
		18A237532BD0442300014F07 /* MainView.swift in Sources */ = {isa = PBXBuildFile; fileRef = 18A237522BD0442300014F07 /* MainView.swift */; };
		18A237552BD0442500014F07 /* Assets.xcassets in Resources */ = {isa = PBXBuildFile; fileRef = 18A237542BD0442500014F07 /* Assets.xcassets */; };
		18A237582BD0442500014F07 /* Preview Assets.xcassets in Resources */ = {isa = PBXBuildFile; fileRef = 18A237572BD0442500014F07 /* Preview Assets.xcassets */; };
		18A237602BD044DF00014F07 /* FirebaseAuth in Frameworks */ = {isa = PBXBuildFile; productRef = 18A2375F2BD044DF00014F07 /* FirebaseAuth */; };
		18A237622BD044DF00014F07 /* FirebaseFirestore in Frameworks */ = {isa = PBXBuildFile; productRef = 18A237612BD044DF00014F07 /* FirebaseFirestore */; };
		18A237642BD044DF00014F07 /* FirebaseFirestoreSwift in Frameworks */ = {isa = PBXBuildFile; productRef = 18A237632BD044DF00014F07 /* FirebaseFirestoreSwift */; };
		18A237662BD045AB00014F07 /* GoogleService-Info.plist in Resources */ = {isa = PBXBuildFile; fileRef = 18A237652BD045AB00014F07 /* GoogleService-Info.plist */; };
		18A2376C2BD047B800014F07 /* ProfileView.swift in Sources */ = {isa = PBXBuildFile; fileRef = 18A2376B2BD047B800014F07 /* ProfileView.swift */; };
		18A2376E2BD047C600014F07 /* ToDoListView.swift in Sources */ = {isa = PBXBuildFile; fileRef = 18A2376D2BD047C600014F07 /* ToDoListView.swift */; };
		18A237702BD047D200014F07 /* NewItemView.swift in Sources */ = {isa = PBXBuildFile; fileRef = 18A2376F2BD047D200014F07 /* NewItemView.swift */; };
		18A237722BD047EA00014F07 /* LoginView.swift in Sources */ = {isa = PBXBuildFile; fileRef = 18A237712BD047EA00014F07 /* LoginView.swift */; };
		18A237742BD047FB00014F07 /* RegistrationView.swift in Sources */ = {isa = PBXBuildFile; fileRef = 18A237732BD047FB00014F07 /* RegistrationView.swift */; };
		18A237762BD0482400014F07 /* ToDoListItemView.swift in Sources */ = {isa = PBXBuildFile; fileRef = 18A237752BD0482400014F07 /* ToDoListItemView.swift */; };
		18A237782BD0485300014F07 /* User.swift in Sources */ = {isa = PBXBuildFile; fileRef = 18A237772BD0485300014F07 /* User.swift */; };
		18A2377A2BD0485D00014F07 /* ToDoListItem.swift in Sources */ = {isa = PBXBuildFile; fileRef = 18A237792BD0485D00014F07 /* ToDoListItem.swift */; };
		18A2377C2BD0488200014F07 /* MainViewViewModel.swift in Sources */ = {isa = PBXBuildFile; fileRef = 18A2377B2BD0488200014F07 /* MainViewViewModel.swift */; };
		18A2377E2BD0488D00014F07 /* ProfileViewViewModel.swift in Sources */ = {isa = PBXBuildFile; fileRef = 18A2377D2BD0488D00014F07 /* ProfileViewViewModel.swift */; };
		18A237802BD0489500014F07 /* ToDoListViewViewModel.swift in Sources */ = {isa = PBXBuildFile; fileRef = 18A2377F2BD0489500014F07 /* ToDoListViewViewModel.swift */; };
		18A237822BD0489F00014F07 /* NewItemViewViewModel.swift in Sources */ = {isa = PBXBuildFile; fileRef = 18A237812BD0489F00014F07 /* NewItemViewViewModel.swift */; };
		18A237842BD048A800014F07 /* LoginViewViewModel.swift in Sources */ = {isa = PBXBuildFile; fileRef = 18A237832BD048A800014F07 /* LoginViewViewModel.swift */; };
		18A237862BD048B100014F07 /* RegistrationViewViewModel.swift in Sources */ = {isa = PBXBuildFile; fileRef = 18A237852BD048B100014F07 /* RegistrationViewViewModel.swift */; };
		18A237882BD048BB00014F07 /* ToDoListItemViewViewModel.swift in Sources */ = {isa = PBXBuildFile; fileRef = 18A237872BD048BB00014F07 /* ToDoListItemViewViewModel.swift */; };
		18A2378A2BD05AD300014F07 /* HeaderView.swift in Sources */ = {isa = PBXBuildFile; fileRef = 18A237892BD05AD300014F07 /* HeaderView.swift */; };
		18A2378C2BD0601300014F07 /* TLButton.swift in Sources */ = {isa = PBXBuildFile; fileRef = 18A2378B2BD0601300014F07 /* TLButton.swift */; };
		18A2378E2BD07B1900014F07 /* Extensions.swift in Sources */ = {isa = PBXBuildFile; fileRef = 18A2378D2BD07B1900014F07 /* Extensions.swift */; };
/* End PBXBuildFile section */

/* Begin PBXFileReference section */
		185C46B92BD1B7E30042892A /* Launch Screen.storyboard */ = {isa = PBXFileReference; lastKnownFileType = file.storyboard; path = "Launch Screen.storyboard"; sourceTree = "<group>"; };
		18A2374D2BD0442300014F07 /* ToDoListApp.app */ = {isa = PBXFileReference; explicitFileType = wrapper.application; includeInIndex = 0; path = ToDoListApp.app; sourceTree = BUILT_PRODUCTS_DIR; };
		18A237502BD0442300014F07 /* ToDoListAppApp.swift */ = {isa = PBXFileReference; lastKnownFileType = sourcecode.swift; path = ToDoListAppApp.swift; sourceTree = "<group>"; };
		18A237522BD0442300014F07 /* MainView.swift */ = {isa = PBXFileReference; lastKnownFileType = sourcecode.swift; path = MainView.swift; sourceTree = "<group>"; };
		18A237542BD0442500014F07 /* Assets.xcassets */ = {isa = PBXFileReference; lastKnownFileType = folder.assetcatalog; path = Assets.xcassets; sourceTree = "<group>"; };
		18A237572BD0442500014F07 /* Preview Assets.xcassets */ = {isa = PBXFileReference; lastKnownFileType = folder.assetcatalog; path = "Preview Assets.xcassets"; sourceTree = "<group>"; };
		18A237652BD045AB00014F07 /* GoogleService-Info.plist */ = {isa = PBXFileReference; fileEncoding = 4; lastKnownFileType = text.plist.xml; path = "GoogleService-Info.plist"; sourceTree = "<group>"; };
		18A2376B2BD047B800014F07 /* ProfileView.swift */ = {isa = PBXFileReference; lastKnownFileType = sourcecode.swift; path = ProfileView.swift; sourceTree = "<group>"; };
		18A2376D2BD047C600014F07 /* ToDoListView.swift */ = {isa = PBXFileReference; lastKnownFileType = sourcecode.swift; path = ToDoListView.swift; sourceTree = "<group>"; };
		18A2376F2BD047D200014F07 /* NewItemView.swift */ = {isa = PBXFileReference; lastKnownFileType = sourcecode.swift; path = NewItemView.swift; sourceTree = "<group>"; };
		18A237712BD047EA00014F07 /* LoginView.swift */ = {isa = PBXFileReference; lastKnownFileType = sourcecode.swift; path = LoginView.swift; sourceTree = "<group>"; };
		18A237732BD047FB00014F07 /* RegistrationView.swift */ = {isa = PBXFileReference; lastKnownFileType = sourcecode.swift; path = RegistrationView.swift; sourceTree = "<group>"; };
		18A237752BD0482400014F07 /* ToDoListItemView.swift */ = {isa = PBXFileReference; lastKnownFileType = sourcecode.swift; path = ToDoListItemView.swift; sourceTree = "<group>"; };
		18A237772BD0485300014F07 /* User.swift */ = {isa = PBXFileReference; lastKnownFileType = sourcecode.swift; path = User.swift; sourceTree = "<group>"; };
		18A237792BD0485D00014F07 /* ToDoListItem.swift */ = {isa = PBXFileReference; lastKnownFileType = sourcecode.swift; path = ToDoListItem.swift; sourceTree = "<group>"; };
		18A2377B2BD0488200014F07 /* MainViewViewModel.swift */ = {isa = PBXFileReference; lastKnownFileType = sourcecode.swift; path = MainViewViewModel.swift; sourceTree = "<group>"; };
		18A2377D2BD0488D00014F07 /* ProfileViewViewModel.swift */ = {isa = PBXFileReference; lastKnownFileType = sourcecode.swift; path = ProfileViewViewModel.swift; sourceTree = "<group>"; };
		18A2377F2BD0489500014F07 /* ToDoListViewViewModel.swift */ = {isa = PBXFileReference; lastKnownFileType = sourcecode.swift; path = ToDoListViewViewModel.swift; sourceTree = "<group>"; };
		18A237812BD0489F00014F07 /* NewItemViewViewModel.swift */ = {isa = PBXFileReference; lastKnownFileType = sourcecode.swift; path = NewItemViewViewModel.swift; sourceTree = "<group>"; };
		18A237832BD048A800014F07 /* LoginViewViewModel.swift */ = {isa = PBXFileReference; lastKnownFileType = sourcecode.swift; path = LoginViewViewModel.swift; sourceTree = "<group>"; };
		18A237852BD048B100014F07 /* RegistrationViewViewModel.swift */ = {isa = PBXFileReference; lastKnownFileType = sourcecode.swift; path = RegistrationViewViewModel.swift; sourceTree = "<group>"; };
		18A237872BD048BB00014F07 /* ToDoListItemViewViewModel.swift */ = {isa = PBXFileReference; lastKnownFileType = sourcecode.swift; path = ToDoListItemViewViewModel.swift; sourceTree = "<group>"; };
		18A237892BD05AD300014F07 /* HeaderView.swift */ = {isa = PBXFileReference; lastKnownFileType = sourcecode.swift; path = HeaderView.swift; sourceTree = "<group>"; };
		18A2378B2BD0601300014F07 /* TLButton.swift */ = {isa = PBXFileReference; lastKnownFileType = sourcecode.swift; path = TLButton.swift; sourceTree = "<group>"; };
		18A2378D2BD07B1900014F07 /* Extensions.swift */ = {isa = PBXFileReference; lastKnownFileType = sourcecode.swift; path = Extensions.swift; sourceTree = "<group>"; };
/* End PBXFileReference section */

/* Begin PBXFrameworksBuildPhase section */
		18A2374A2BD0442300014F07 /* Frameworks */ = {
			isa = PBXFrameworksBuildPhase;
			buildActionMask = 2147483647;
			files = (
				18A237602BD044DF00014F07 /* FirebaseAuth in Frameworks */,
				18A237622BD044DF00014F07 /* FirebaseFirestore in Frameworks */,
				18A237642BD044DF00014F07 /* FirebaseFirestoreSwift in Frameworks */,
			);
			runOnlyForDeploymentPostprocessing = 0;
		};
/* End PBXFrameworksBuildPhase section */

/* Begin PBXGroup section */
		18A237442BD0442300014F07 = {
			isa = PBXGroup;
			children = (
				18A2374F2BD0442300014F07 /* ToDoListApp */,
				18A2374E2BD0442300014F07 /* Products */,
			);
			sourceTree = "<group>";
		};
		18A2374E2BD0442300014F07 /* Products */ = {
			isa = PBXGroup;
			children = (
				18A2374D2BD0442300014F07 /* ToDoListApp.app */,
			);
			name = Products;
			sourceTree = "<group>";
		};
		18A2374F2BD0442300014F07 /* ToDoListApp */ = {
			isa = PBXGroup;
			children = (
				18A2376A2BD0470600014F07 /* Other */,
				18A237692BD046DC00014F07 /* Models */,
				18A237682BD046D500014F07 /* ViewModels */,
				18A237672BD046C700014F07 /* Views */,
				18A237542BD0442500014F07 /* Assets.xcassets */,
				18A237562BD0442500014F07 /* Preview Content */,
			);
			path = ToDoListApp;
			sourceTree = "<group>";
		};
		18A237562BD0442500014F07 /* Preview Content */ = {
			isa = PBXGroup;
			children = (
				18A237572BD0442500014F07 /* Preview Assets.xcassets */,
			);
			path = "Preview Content";
			sourceTree = "<group>";
		};
		18A237672BD046C700014F07 /* Views */ = {
			isa = PBXGroup;
			children = (
				18A237522BD0442300014F07 /* MainView.swift */,
				18A2376B2BD047B800014F07 /* ProfileView.swift */,
				18A2376D2BD047C600014F07 /* ToDoListView.swift */,
				18A2376F2BD047D200014F07 /* NewItemView.swift */,
				18A237712BD047EA00014F07 /* LoginView.swift */,
				18A2378B2BD0601300014F07 /* TLButton.swift */,
				18A237732BD047FB00014F07 /* RegistrationView.swift */,
				18A237752BD0482400014F07 /* ToDoListItemView.swift */,
				18A237892BD05AD300014F07 /* HeaderView.swift */,
			);
			path = Views;
			sourceTree = "<group>";
		};
		18A237682BD046D500014F07 /* ViewModels */ = {
			isa = PBXGroup;
			children = (
				18A2377B2BD0488200014F07 /* MainViewViewModel.swift */,
				18A2377D2BD0488D00014F07 /* ProfileViewViewModel.swift */,
				18A2377F2BD0489500014F07 /* ToDoListViewViewModel.swift */,
				18A237812BD0489F00014F07 /* NewItemViewViewModel.swift */,
				18A237832BD048A800014F07 /* LoginViewViewModel.swift */,
				18A237852BD048B100014F07 /* RegistrationViewViewModel.swift */,
				18A237872BD048BB00014F07 /* ToDoListItemViewViewModel.swift */,
			);
			path = ViewModels;
			sourceTree = "<group>";
		};
		18A237692BD046DC00014F07 /* Models */ = {
			isa = PBXGroup;
			children = (
				18A237772BD0485300014F07 /* User.swift */,
				18A237792BD0485D00014F07 /* ToDoListItem.swift */,
			);
			path = Models;
			sourceTree = "<group>";
		};
		18A2376A2BD0470600014F07 /* Other */ = {
			isa = PBXGroup;
			children = (
				18A237652BD045AB00014F07 /* GoogleService-Info.plist */,
				18A237502BD0442300014F07 /* ToDoListAppApp.swift */,
				18A2378D2BD07B1900014F07 /* Extensions.swift */,
				185C46B92BD1B7E30042892A /* Launch Screen.storyboard */,
			);
			path = Other;
			sourceTree = "<group>";
		};
/* End PBXGroup section */

/* Begin PBXNativeTarget section */
		18A2374C2BD0442300014F07 /* ToDoListApp */ = {
			isa = PBXNativeTarget;
			buildConfigurationList = 18A2375B2BD0442500014F07 /* Build configuration list for PBXNativeTarget "ToDoListApp" */;
			buildPhases = (
				18A237492BD0442300014F07 /* Sources */,
				18A2374A2BD0442300014F07 /* Frameworks */,
				18A2374B2BD0442300014F07 /* Resources */,
			);
			buildRules = (
			);
			dependencies = (
			);
			name = ToDoListApp;
			packageProductDependencies = (
				18A2375F2BD044DF00014F07 /* FirebaseAuth */,
				18A237612BD044DF00014F07 /* FirebaseFirestore */,
				18A237632BD044DF00014F07 /* FirebaseFirestoreSwift */,
			);
			productName = ToDoListApp;
			productReference = 18A2374D2BD0442300014F07 /* ToDoListApp.app */;
			productType = "com.apple.product-type.application";
		};
/* End PBXNativeTarget section */

/* Begin PBXProject section */
		18A237452BD0442300014F07 /* Project object */ = {
			isa = PBXProject;
			attributes = {
				BuildIndependentTargetsInParallel = 1;
				LastSwiftUpdateCheck = 1530;
				LastUpgradeCheck = 1530;
				TargetAttributes = {
					18A2374C2BD0442300014F07 = {
						CreatedOnToolsVersion = 15.3;
					};
				};
			};
			buildConfigurationList = 18A237482BD0442300014F07 /* Build configuration list for PBXProject "ToDoListApp" */;
			compatibilityVersion = "Xcode 14.0";
			developmentRegion = en;
			hasScannedForEncodings = 0;
			knownRegions = (
				en,
				Base,
			);
			mainGroup = 18A237442BD0442300014F07;
			packageReferences = (
				18A2375E2BD044DF00014F07 /* XCRemoteSwiftPackageReference "firebase-ios-sdk" */,
			);
			productRefGroup = 18A2374E2BD0442300014F07 /* Products */;
			projectDirPath = "";
			projectRoot = "";
			targets = (
				18A2374C2BD0442300014F07 /* ToDoListApp */,
			);
		};
/* End PBXProject section */

/* Begin PBXResourcesBuildPhase section */
		18A2374B2BD0442300014F07 /* Resources */ = {
			isa = PBXResourcesBuildPhase;
			buildActionMask = 2147483647;
			files = (
				18A237582BD0442500014F07 /* Preview Assets.xcassets in Resources */,
				18A237552BD0442500014F07 /* Assets.xcassets in Resources */,
				185C46BA2BD1B7E30042892A /* Launch Screen.storyboard in Resources */,
				18A237662BD045AB00014F07 /* GoogleService-Info.plist in Resources */,
			);
			runOnlyForDeploymentPostprocessing = 0;
		};
/* End PBXResourcesBuildPhase section */

/* Begin PBXSourcesBuildPhase section */
		18A237492BD0442300014F07 /* Sources */ = {
			isa = PBXSourcesBuildPhase;
			buildActionMask = 2147483647;
			files = (
				18A237722BD047EA00014F07 /* LoginView.swift in Sources */,
				18A2378A2BD05AD300014F07 /* HeaderView.swift in Sources */,
				18A237532BD0442300014F07 /* MainView.swift in Sources */,
				18A2377C2BD0488200014F07 /* MainViewViewModel.swift in Sources */,
				18A2376E2BD047C600014F07 /* ToDoListView.swift in Sources */,
				18A237742BD047FB00014F07 /* RegistrationView.swift in Sources */,
				18A2377E2BD0488D00014F07 /* ProfileViewViewModel.swift in Sources */,
				18A2378C2BD0601300014F07 /* TLButton.swift in Sources */,
				18A2376C2BD047B800014F07 /* ProfileView.swift in Sources */,
				18A237782BD0485300014F07 /* User.swift in Sources */,
				18A237762BD0482400014F07 /* ToDoListItemView.swift in Sources */,
				18A237802BD0489500014F07 /* ToDoListViewViewModel.swift in Sources */,
				18A237842BD048A800014F07 /* LoginViewViewModel.swift in Sources */,
				18A237512BD0442300014F07 /* ToDoListAppApp.swift in Sources */,
				18A237862BD048B100014F07 /* RegistrationViewViewModel.swift in Sources */,
				18A2378E2BD07B1900014F07 /* Extensions.swift in Sources */,
				18A2377A2BD0485D00014F07 /* ToDoListItem.swift in Sources */,
				18A237702BD047D200014F07 /* NewItemView.swift in Sources */,
				18A237822BD0489F00014F07 /* NewItemViewViewModel.swift in Sources */,
				18A237882BD048BB00014F07 /* ToDoListItemViewViewModel.swift in Sources */,
			);
			runOnlyForDeploymentPostprocessing = 0;
		};
/* End PBXSourcesBuildPhase section */

/* Begin XCBuildConfiguration section */
		18A237592BD0442500014F07 /* Debug */ = {
			isa = XCBuildConfiguration;
			buildSettings = {
				ALWAYS_SEARCH_USER_PATHS = NO;
				ASSETCATALOG_COMPILER_GENERATE_SWIFT_ASSET_SYMBOL_EXTENSIONS = YES;
				CLANG_ANALYZER_NONNULL = YES;
				CLANG_ANALYZER_NUMBER_OBJECT_CONVERSION = YES_AGGRESSIVE;
				CLANG_CXX_LANGUAGE_STANDARD = "gnu++20";
				CLANG_ENABLE_MODULES = YES;
				CLANG_ENABLE_OBJC_ARC = YES;
				CLANG_ENABLE_OBJC_WEAK = YES;
				CLANG_WARN_BLOCK_CAPTURE_AUTORELEASING = YES;
				CLANG_WARN_BOOL_CONVERSION = YES;
				CLANG_WARN_COMMA = YES;
				CLANG_WARN_CONSTANT_CONVERSION = YES;
				CLANG_WARN_DEPRECATED_OBJC_IMPLEMENTATIONS = YES;
				CLANG_WARN_DIRECT_OBJC_ISA_USAGE = YES_ERROR;
				CLANG_WARN_DOCUMENTATION_COMMENTS = YES;
				CLANG_WARN_EMPTY_BODY = YES;
				CLANG_WARN_ENUM_CONVERSION = YES;
				CLANG_WARN_INFINITE_RECURSION = YES;
				CLANG_WARN_INT_CONVERSION = YES;
				CLANG_WARN_NON_LITERAL_NULL_CONVERSION = YES;
				CLANG_WARN_OBJC_IMPLICIT_RETAIN_SELF = YES;
				CLANG_WARN_OBJC_LITERAL_CONVERSION = YES;
				CLANG_WARN_OBJC_ROOT_CLASS = YES_ERROR;
				CLANG_WARN_QUOTED_INCLUDE_IN_FRAMEWORK_HEADER = YES;
				CLANG_WARN_RANGE_LOOP_ANALYSIS = YES;
				CLANG_WARN_STRICT_PROTOTYPES = YES;
				CLANG_WARN_SUSPICIOUS_MOVE = YES;
				CLANG_WARN_UNGUARDED_AVAILABILITY = YES_AGGRESSIVE;
				CLANG_WARN_UNREACHABLE_CODE = YES;
				CLANG_WARN__DUPLICATE_METHOD_MATCH = YES;
				COPY_PHASE_STRIP = NO;
				DEBUG_INFORMATION_FORMAT = dwarf;
				ENABLE_STRICT_OBJC_MSGSEND = YES;
				ENABLE_TESTABILITY = YES;
				ENABLE_USER_SCRIPT_SANDBOXING = YES;
				GCC_C_LANGUAGE_STANDARD = gnu17;
				GCC_DYNAMIC_NO_PIC = NO;
				GCC_NO_COMMON_BLOCKS = YES;
				GCC_OPTIMIZATION_LEVEL = 0;
				GCC_PREPROCESSOR_DEFINITIONS = (
					"DEBUG=1",
					"$(inherited)",
				);
				GCC_WARN_64_TO_32_BIT_CONVERSION = YES;
				GCC_WARN_ABOUT_RETURN_TYPE = YES_ERROR;
				GCC_WARN_UNDECLARED_SELECTOR = YES;
				GCC_WARN_UNINITIALIZED_AUTOS = YES_AGGRESSIVE;
				GCC_WARN_UNUSED_FUNCTION = YES;
				GCC_WARN_UNUSED_VARIABLE = YES;
				IPHONEOS_DEPLOYMENT_TARGET = 17.4;
				LOCALIZATION_PREFERS_STRING_CATALOGS = YES;
				MTL_ENABLE_DEBUG_INFO = INCLUDE_SOURCE;
				MTL_FAST_MATH = YES;
				ONLY_ACTIVE_ARCH = YES;
				SDKROOT = iphoneos;
				SWIFT_ACTIVE_COMPILATION_CONDITIONS = "DEBUG $(inherited)";
				SWIFT_OPTIMIZATION_LEVEL = "-Onone";
			};
			name = Debug;
		};
		18A2375A2BD0442500014F07 /* Release */ = {
			isa = XCBuildConfiguration;
			buildSettings = {
				ALWAYS_SEARCH_USER_PATHS = NO;
				ASSETCATALOG_COMPILER_GENERATE_SWIFT_ASSET_SYMBOL_EXTENSIONS = YES;
				CLANG_ANALYZER_NONNULL = YES;
				CLANG_ANALYZER_NUMBER_OBJECT_CONVERSION = YES_AGGRESSIVE;
				CLANG_CXX_LANGUAGE_STANDARD = "gnu++20";
				CLANG_ENABLE_MODULES = YES;
				CLANG_ENABLE_OBJC_ARC = YES;
				CLANG_ENABLE_OBJC_WEAK = YES;
				CLANG_WARN_BLOCK_CAPTURE_AUTORELEASING = YES;
				CLANG_WARN_BOOL_CONVERSION = YES;
				CLANG_WARN_COMMA = YES;
				CLANG_WARN_CONSTANT_CONVERSION = YES;
				CLANG_WARN_DEPRECATED_OBJC_IMPLEMENTATIONS = YES;
				CLANG_WARN_DIRECT_OBJC_ISA_USAGE = YES_ERROR;
				CLANG_WARN_DOCUMENTATION_COMMENTS = YES;
				CLANG_WARN_EMPTY_BODY = YES;
				CLANG_WARN_ENUM_CONVERSION = YES;
				CLANG_WARN_INFINITE_RECURSION = YES;
				CLANG_WARN_INT_CONVERSION = YES;
				CLANG_WARN_NON_LITERAL_NULL_CONVERSION = YES;
				CLANG_WARN_OBJC_IMPLICIT_RETAIN_SELF = YES;
				CLANG_WARN_OBJC_LITERAL_CONVERSION = YES;
				CLANG_WARN_OBJC_ROOT_CLASS = YES_ERROR;
				CLANG_WARN_QUOTED_INCLUDE_IN_FRAMEWORK_HEADER = YES;
				CLANG_WARN_RANGE_LOOP_ANALYSIS = YES;
				CLANG_WARN_STRICT_PROTOTYPES = YES;
				CLANG_WARN_SUSPICIOUS_MOVE = YES;
				CLANG_WARN_UNGUARDED_AVAILABILITY = YES_AGGRESSIVE;
				CLANG_WARN_UNREACHABLE_CODE = YES;
				CLANG_WARN__DUPLICATE_METHOD_MATCH = YES;
				COPY_PHASE_STRIP = NO;
				DEBUG_INFORMATION_FORMAT = "dwarf-with-dsym";
				ENABLE_NS_ASSERTIONS = NO;
				ENABLE_STRICT_OBJC_MSGSEND = YES;
				ENABLE_USER_SCRIPT_SANDBOXING = YES;
				GCC_C_LANGUAGE_STANDARD = gnu17;
				GCC_NO_COMMON_BLOCKS = YES;
				GCC_WARN_64_TO_32_BIT_CONVERSION = YES;
				GCC_WARN_ABOUT_RETURN_TYPE = YES_ERROR;
				GCC_WARN_UNDECLARED_SELECTOR = YES;
				GCC_WARN_UNINITIALIZED_AUTOS = YES_AGGRESSIVE;
				GCC_WARN_UNUSED_FUNCTION = YES;
				GCC_WARN_UNUSED_VARIABLE = YES;
				IPHONEOS_DEPLOYMENT_TARGET = 17.4;
				LOCALIZATION_PREFERS_STRING_CATALOGS = YES;
				MTL_ENABLE_DEBUG_INFO = NO;
				MTL_FAST_MATH = YES;
				SDKROOT = iphoneos;
				SWIFT_COMPILATION_MODE = wholemodule;
				VALIDATE_PRODUCT = YES;
			};
			name = Release;
		};
		18A2375C2BD0442500014F07 /* Debug */ = {
			isa = XCBuildConfiguration;
			buildSettings = {
				ASSETCATALOG_COMPILER_APPICON_NAME = AppIcon;
				ASSETCATALOG_COMPILER_GLOBAL_ACCENT_COLOR_NAME = AccentColor;
				CODE_SIGN_STYLE = Automatic;
				CURRENT_PROJECT_VERSION = 1;
				DEVELOPMENT_ASSET_PATHS = "\"ToDoListApp/Preview Content\"";
				DEVELOPMENT_TEAM = 43238USFBA;
				ENABLE_PREVIEWS = YES;
				GENERATE_INFOPLIST_FILE = YES;
				INFOPLIST_KEY_CFBundleDisplayName = "ToDo List";
				INFOPLIST_KEY_UIApplicationSceneManifest_Generation = YES;
				INFOPLIST_KEY_UIApplicationSupportsIndirectInputEvents = YES;
				INFOPLIST_KEY_UILaunchScreen_Generation = YES;
				INFOPLIST_KEY_UILaunchStoryboardName = "Launch Screen.storyboard";
				INFOPLIST_KEY_UISupportedInterfaceOrientations = UIInterfaceOrientationPortrait;
				LD_RUNPATH_SEARCH_PATHS = (
					"$(inherited)",
					"@executable_path/Frameworks",
				);
				MARKETING_VERSION = 1.0;
				PRODUCT_BUNDLE_IDENTIFIER = com.nickhurst.ToDoListApp;
				PRODUCT_NAME = "$(TARGET_NAME)";
				SWIFT_EMIT_LOC_STRINGS = YES;
				SWIFT_VERSION = 5.0;
				TARGETED_DEVICE_FAMILY = "1,2";
			};
			name = Debug;
		};
		18A2375D2BD0442500014F07 /* Release */ = {
			isa = XCBuildConfiguration;
			buildSettings = {
				ASSETCATALOG_COMPILER_APPICON_NAME = AppIcon;
				ASSETCATALOG_COMPILER_GLOBAL_ACCENT_COLOR_NAME = AccentColor;
				CODE_SIGN_STYLE = Automatic;
				CURRENT_PROJECT_VERSION = 1;
				DEVELOPMENT_ASSET_PATHS = "\"ToDoListApp/Preview Content\"";
				DEVELOPMENT_TEAM = 43238USFBA;
				ENABLE_PREVIEWS = YES;
				GENERATE_INFOPLIST_FILE = YES;
				INFOPLIST_KEY_CFBundleDisplayName = "ToDo List";
				INFOPLIST_KEY_UIApplicationSceneManifest_Generation = YES;
				INFOPLIST_KEY_UIApplicationSupportsIndirectInputEvents = YES;
				INFOPLIST_KEY_UILaunchScreen_Generation = YES;
				INFOPLIST_KEY_UILaunchStoryboardName = "Launch Screen.storyboard";
				INFOPLIST_KEY_UISupportedInterfaceOrientations = UIInterfaceOrientationPortrait;
				LD_RUNPATH_SEARCH_PATHS = (
					"$(inherited)",
					"@executable_path/Frameworks",
				);
				MARKETING_VERSION = 1.0;
				PRODUCT_BUNDLE_IDENTIFIER = com.nickhurst.ToDoListApp;
				PRODUCT_NAME = "$(TARGET_NAME)";
				SWIFT_EMIT_LOC_STRINGS = YES;
				SWIFT_VERSION = 5.0;
				TARGETED_DEVICE_FAMILY = "1,2";
			};
			name = Release;
		};
/* End XCBuildConfiguration section */

/* Begin XCConfigurationList section */
		18A237482BD0442300014F07 /* Build configuration list for PBXProject "ToDoListApp" */ = {
			isa = XCConfigurationList;
			buildConfigurations = (
				18A237592BD0442500014F07 /* Debug */,
				18A2375A2BD0442500014F07 /* Release */,
			);
			defaultConfigurationIsVisible = 0;
			defaultConfigurationName = Release;
		};
		18A2375B2BD0442500014F07 /* Build configuration list for PBXNativeTarget "ToDoListApp" */ = {
			isa = XCConfigurationList;
			buildConfigurations = (
				18A2375C2BD0442500014F07 /* Debug */,
				18A2375D2BD0442500014F07 /* Release */,
			);
			defaultConfigurationIsVisible = 0;
			defaultConfigurationName = Release;
		};
/* End XCConfigurationList section */

/* Begin XCRemoteSwiftPackageReference section */
		18A2375E2BD044DF00014F07 /* XCRemoteSwiftPackageReference "firebase-ios-sdk" */ = {
			isa = XCRemoteSwiftPackageReference;
			repositoryURL = "https://github.com/firebase/firebase-ios-sdk.git";
			requirement = {
				kind = upToNextMajorVersion;
				minimumVersion = 10.24.0;
			};
		};
/* End XCRemoteSwiftPackageReference section */

/* Begin XCSwiftPackageProductDependency section */
		18A2375F2BD044DF00014F07 /* FirebaseAuth */ = {
			isa = XCSwiftPackageProductDependency;
			package = 18A2375E2BD044DF00014F07 /* XCRemoteSwiftPackageReference "firebase-ios-sdk" */;
			productName = FirebaseAuth;
		};
		18A237612BD044DF00014F07 /* FirebaseFirestore */ = {
			isa = XCSwiftPackageProductDependency;
			package = 18A2375E2BD044DF00014F07 /* XCRemoteSwiftPackageReference "firebase-ios-sdk" */;
			productName = FirebaseFirestore;
		};
		18A237632BD044DF00014F07 /* FirebaseFirestoreSwift */ = {
			isa = XCSwiftPackageProductDependency;
			package = 18A2375E2BD044DF00014F07 /* XCRemoteSwiftPackageReference "firebase-ios-sdk" */;
			productName = FirebaseFirestoreSwift;
		};
/* End XCSwiftPackageProductDependency section */
	};
	rootObject = 18A237452BD0442300014F07 /* Project object */;
}
